
Microsoft Visual Studio Solution File, Format Version 10.00
# Visual Studio 2008
Project("{FAE04EC0-301F-11D3-BF4B-00C04F79EFBC}") = "GoogleSpreadsheet3", "GoogleSpreadsheet3\GoogleSpreadsheet3.csproj", "{AE12CEF4-1DD2-48F9-8396-F1D664763631}"
EndProject
Global
	GlobalSection(SolutionConfigurationPlatforms) = preSolution
		Debug|Any CPU = Debug|Any CPU
		Release|Any CPU = Release|Any CPU
	EndGlobalSection
	GlobalSection(ProjectConfigurationPlatforms) = postSolution
		{AE12CEF4-1DD2-48F9-8396-F1D664763631}.Debug|Any CPU.ActiveCfg = Debug|Any CPU
		{AE12CEF4-1DD2-48F9-8396-F1D664763631}.Debug|Any CPU.Build.0 = Debug|Any CPU
		{AE12CEF4-1DD2-48F9-8396-F1D664763631}.Release|Any CPU.ActiveCfg = Release|Any CPU
		{AE12CEF4-1DD2-48F9-8396-F1D664763631}.Release|Any CPU.Build.0 = Release|Any CPU
	EndGlobalSection
	GlobalSection(SolutionProperties) = preSolution
		HideSolutionNode = FALSE
	EndGlobalSection
EndGlobal
