
Microsoft Visual Studio Solution File, Format Version 10.00
# Visual Studio 2008
Project("{FAE04EC0-301F-11D3-BF4B-00C04F79EFBC}") = "GATV_Billing", "GATV_Billing\GATV_Billing.csproj", "{4110F8D0-5F89-4CF9-B3AA-A223C7DCAFDD}"
EndProject
Global
	GlobalSection(SolutionConfigurationPlatforms) = preSolution
		Debug|Any CPU = Debug|Any CPU
		Release|Any CPU = Release|Any CPU
	EndGlobalSection
	GlobalSection(ProjectConfigurationPlatforms) = postSolution
		{4110F8D0-5F89-4CF9-B3AA-A223C7DCAFDD}.Debug|Any CPU.ActiveCfg = Debug|Any CPU
		{4110F8D0-5F89-4CF9-B3AA-A223C7DCAFDD}.Debug|Any CPU.Build.0 = Debug|Any CPU
		{4110F8D0-5F89-4CF9-B3AA-A223C7DCAFDD}.Debug|Any CPU.Deploy.0 = Debug|Any CPU
		{4110F8D0-5F89-4CF9-B3AA-A223C7DCAFDD}.Release|Any CPU.ActiveCfg = Release|Any CPU
		{4110F8D0-5F89-4CF9-B3AA-A223C7DCAFDD}.Release|Any CPU.Build.0 = Release|Any CPU
		{4110F8D0-5F89-4CF9-B3AA-A223C7DCAFDD}.Release|Any CPU.Deploy.0 = Release|Any CPU
	EndGlobalSection
	GlobalSection(SolutionProperties) = preSolution
		HideSolutionNode = FALSE
	EndGlobalSection
EndGlobal
